
Microsoft Visual Studio Solution File, Format Version 12.00
# Visual Studio Version 17
VisualStudioVersion = 17.11.35312.102
MinimumVisualStudioVersion = 10.0.40219.1
Project("{9A19103F-16F7-4668-BE54-9A1E7A4F7556}") = "DesafioPOO", "DesafioPOO.csproj", "{4C3A25DB-B3C7-4EBE-8DB3-40A4439586C5}"
EndProject
Global
	GlobalSection(SolutionConfigurationPlatforms) = preSolution
		Debug|Any CPU = Debug|Any CPU
		Release|Any CPU = Release|Any CPU
	EndGlobalSection
	GlobalSection(ProjectConfigurationPlatforms) = postSolution
		{4C3A25DB-B3C7-4EBE-8DB3-40A4439586C5}.Debug|Any CPU.ActiveCfg = Debug|Any CPU
		{4C3A25DB-B3C7-4EBE-8DB3-40A4439586C5}.Debug|Any CPU.Build.0 = Debug|Any CPU
		{4C3A25DB-B3C7-4EBE-8DB3-40A4439586C5}.Release|Any CPU.ActiveCfg = Release|Any CPU
		{4C3A25DB-B3C7-4EBE-8DB3-40A4439586C5}.Release|Any CPU.Build.0 = Release|Any CPU
	EndGlobalSection
	GlobalSection(SolutionProperties) = preSolution
		HideSolutionNode = FALSE
	EndGlobalSection
	GlobalSection(ExtensibilityGlobals) = postSolution
		SolutionGuid = {D4DA2205-1BF4-4069-B68C-AB647046F2BF}
	EndGlobalSection
EndGlobal
